# THIS IS AN AUTOGENERATED FILE. DO NOT EDIT THIS FILE DIRECTLY.
# yarn lockfile v1


"@babel/runtime-corejs2@^7.0.0":
  version "7.12.1"
  resolved "https://registry.yarnpkg.com/@babel/runtime-corejs2/-/runtime-corejs2-7.12.1.tgz#494ce3ad84e92b5868b5437af65af6a0eb737da3"
  integrity sha512-5uSG1M64+OO+DL4U12qTqHDhc1vorwH6suCSPRH+77UVYzxO5TMyziWe/nQNPcPt9Wnl5G7dIYXuZ6MBuW/dFw==
  dependencies:
    core-js "^2.6.5"
    regenerator-runtime "^0.13.4"

"@babel/runtime@^7.1.2":
  version "7.12.1"
  resolved "https://registry.yarnpkg.com/@babel/runtime/-/runtime-7.12.1.tgz#b4116a6b6711d010b2dad3b7b6e43bf1b9954740"
  integrity sha512-J5AIf3vPj3UwXaAzb5j1xM4WAQDX3EMgemF8rjCP3SoW09LfRKAXQKt6CoVYl230P6iWdRcBbnLDDdnqWxZSCA==
  dependencies:
    regenerator-runtime "^0.13.4"

"@formatjs/intl-displaynames@^1.2.0":
  version "1.2.10"
  resolved "https://registry.yarnpkg.com/@formatjs/intl-displaynames/-/intl-displaynames-1.2.10.tgz#bb9625cca90b099978cd967c6a98aaf4e23fc878"
  integrity sha512-GROA2RP6+7Ouu0WnHFF78O5XIU7pBfI19WM1qm93l6MFWibUk67nCfVCK3VAYJkLy8L8ZxjkYT11VIAfvSz8wg==
  dependencies:
    "@formatjs/intl-utils" "^2.3.0"

"@formatjs/intl-listformat@^1.4.1":
  version "1.4.8"
  resolved "https://registry.yarnpkg.com/@formatjs/intl-listformat/-/intl-listformat-1.4.8.tgz#70b81005e7dcf74329cb5b314a940ce5fce36cd0"
  integrity sha512-WNMQlEg0e50VZrGIkgD5n7+DAMGt3boKi1GJALfhFMymslJb5i+5WzWxyj/3a929Z6MAFsmzRIJjKuv+BxKAOQ==
  dependencies:
    "@formatjs/intl-utils" "^2.3.0"

"@formatjs/intl-relativetimeformat@^4.5.9":
  version "4.5.16"
  resolved "https://registry.yarnpkg.com/@formatjs/intl-relativetimeformat/-/intl-relativetimeformat-4.5.16.tgz#7449cef3213dd66d25924ca41f125f87b58df95a"
  integrity sha512-IQ0haY97oHAH5OYUdykNiepdyEWj3SAT+Fp9ZpR85ov2JNiFx+12WWlxlVS8ehdyncC2ZMt/SwFIy2huK2+6/A==
  dependencies:
    "@formatjs/intl-utils" "^2.3.0"

"@formatjs/intl-unified-numberformat@^3.2.0":
  version "3.3.7"
  resolved "https://registry.yarnpkg.com/@formatjs/intl-unified-numberformat/-/intl-unified-numberformat-3.3.7.tgz#9995a24568908188e716d81a1de5b702b2ee00e2"
  integrity sha512-KnWgLRHzCAgT9eyt3OS34RHoyD7dPDYhRcuKn+/6Kv2knDF8Im43J6vlSW6Hm1w63fNq3ZIT1cFk7RuVO3Psag==
  dependencies:
    "@formatjs/intl-utils" "^2.3.0"

"@formatjs/intl-utils@^2.2.0", "@formatjs/intl-utils@^2.3.0":
  version "2.3.0"
  resolved "https://registry.yarnpkg.com/@formatjs/intl-utils/-/intl-utils-2.3.0.tgz#2dc8c57044de0340eb53a7ba602e59abf80dc799"
  integrity sha512-KWk80UPIzPmUg+P0rKh6TqspRw0G6eux1PuJr+zz47ftMaZ9QDwbGzHZbtzWkl5hgayM/qrKRutllRC7D/vVXQ==

"@gooddata/goodstrap@69.0.0-alpha-pkingo-pki-cat-284-2020-10-15T08-34-09-398Z":
  version "69.0.0-alpha-pkingo-pki-cat-284-2020-10-15T08-34-09-398Z"
  resolved "https://registry.yarnpkg.com/@gooddata/goodstrap/-/goodstrap-69.0.0-alpha-pkingo-pki-cat-284-2020-10-15T08-34-09-398Z.tgz#6d8ccc4ba91f1d522bd9590895b53d30078750d2"
  integrity sha512-hqLS5K2HW3ABlKEwaZYj3VZDtDZC5JSRqj0FN5orygHH14FVpMyqbUkePOwZdoSpyNIqRsoYEOmn24t/jJF6aQ==
  dependencies:
    "@babel/runtime-corejs2" "^7.0.0"
    "@gooddata/js-utils" "^3.10.9"
    classnames "^2.2.6"
    custom-event "^1.0.1"
    element-closest-polyfill "^1.0.0"
    fixed-data-table-2 "^0.8.21"
    foundation-sites "^5.5.3"
    immutable "^3.8.1"
    invariant "^2.2.2"
    kefir "^3.7.1"
    lodash "^4.17.19"
    moment "^2.23.0"
    moment-timezone "^0.5.23"
    prop-types "^15.6.0"
    querystringify "^2.1.0"
    react-day-picker "7.1.10"
    react-document-title "^2.0.3"
    react-intl "^3.6.0"
    react-native-listener "^1.0.2"
    react-portal "^4.1.5"
    react-responsive "^3.0.0"
    react-textarea-autosize "^7.0.4"
    react-transition-group "^1.2.1"
    rxjs "^5.5.6"
    tinycolor2 "^1.4.1"

"@gooddata/js-utils@^3.10.9":
  version "3.10.13"
  resolved "https://registry.yarnpkg.com/@gooddata/js-utils/-/js-utils-3.10.13.tgz#75c68427bab3884a44ed7f99e7175c685fcb5e60"
  integrity sha512-tIYt/VwP63pXWurv3CxVgAaO7lIsalsZJ/ivUrVwbB4YABctGmSOE64c8xk0IKGdbC1mtISuwB7KX1GXMgafFA==
  dependencies:
    "@gooddata/typings" "^2.26.1"
    js-cookie "^2.1.4"
    lodash "^4.17.15"

"@gooddata/typings@^2.26.1":
  version "2.27.0"
  resolved "https://registry.yarnpkg.com/@gooddata/typings/-/typings-2.27.0.tgz#361888304d56d124cabd9625e81a3b0dae0597f8"
  integrity sha512-vB9/BQHtWHZtTl/LgO/Hsl8xr8YlmHy61kbj7A316Ana08H2wnqV8Y8ZjlVf94bHq9Hza7ViF7urhbCbfP8PFA==
  dependencies:
    lodash "^4.17.11"

"@types/hoist-non-react-statics@^3.3.1":
  version "3.3.1"
  resolved "https://registry.yarnpkg.com/@types/hoist-non-react-statics/-/hoist-non-react-statics-3.3.1.tgz#1124aafe5118cb591977aeb1ceaaed1070eb039f"
  integrity sha512-iMIqiko6ooLrTh1joXodJK5X9xeEALT1kM5G3ZLhD3hszxBdIEd5C75U834D9mLcINgD4OyZf5uQXjkuYydWvA==
  dependencies:
    "@types/react" "*"
    hoist-non-react-statics "^3.3.0"

"@types/invariant@^2.2.31":
  version "2.2.34"
  resolved "https://registry.yarnpkg.com/@types/invariant/-/invariant-2.2.34.tgz#05e4f79f465c2007884374d4795452f995720bbe"
  integrity sha512-lYUtmJ9BqUN688fGY1U1HZoWT1/Jrmgigx2loq4ZcJpICECm/Om3V314BxdzypO0u5PORKGMM6x0OXaljV1YFg==

"@types/prop-types@*":
  version "15.7.3"
  resolved "https://registry.yarnpkg.com/@types/prop-types/-/prop-types-15.7.3.tgz#2ab0d5da2e5815f94b0b9d4b95d1e5f243ab2ca7"
  integrity sha512-KfRL3PuHmqQLOG+2tGpRO26Ctg+Cq1E01D2DMriKEATHgWLfeNDmq9e29Q9WIky0dQ3NPkd1mzYH8Lm936Z9qw==

"@types/react@*":
  version "16.9.53"
  resolved "https://registry.yarnpkg.com/@types/react/-/react-16.9.53.tgz#40cd4f8b8d6b9528aedd1fff8fcffe7a112a3d23"
  integrity sha512-4nW60Sd4L7+WMXH1D6jCdVftuW7j4Za6zdp6tJ33Rqv0nk1ZAmQKML9ZLD4H0dehA3FZxXR/GM8gXplf82oNGw==
  dependencies:
    "@types/prop-types" "*"
    csstype "^3.0.2"

asap@~2.0.3:
  version "2.0.6"
  resolved "https://registry.yarnpkg.com/asap/-/asap-2.0.6.tgz#e50347611d7e690943208bbdafebcbc2fb866d46"
  integrity sha1-5QNHYR1+aQlDIIu9r+vLwvuGbUY=

chain-function@^1.0.0:
  version "1.0.1"
  resolved "https://registry.yarnpkg.com/chain-function/-/chain-function-1.0.1.tgz#c63045e5b4b663fb86f1c6e186adaf1de402a1cc"
  integrity sha512-SxltgMwL9uCko5/ZCLiyG2B7R9fY4pDZUw7hJ4MhirdjBLosoDqkWABi3XMucddHdLiFJMb7PD2MZifZriuMTg==

classnames@^2.2.6:
  version "2.2.6"
  resolved "https://registry.yarnpkg.com/classnames/-/classnames-2.2.6.tgz#43935bffdd291f326dad0a205309b38d00f650ce"
  integrity sha512-JR/iSQOSt+LQIWwrwEzJ9uk0xfN3mTVYMwt1Ir5mUcSN6pU+V4zQFFaJsclJbPuAUQH+yfWef6tm7l1quW3C8Q==

core-js@^1.0.0:
  version "1.2.7"
  resolved "https://registry.yarnpkg.com/core-js/-/core-js-1.2.7.tgz#652294c14651db28fa93bd2d5ff2983a4f08c636"
  integrity sha1-ZSKUwUZR2yj6k70tX/KYOk8IxjY=

core-js@^2.6.5:
  version "2.6.11"
  resolved "https://registry.yarnpkg.com/core-js/-/core-js-2.6.11.tgz#38831469f9922bded8ee21c9dc46985e0399308c"
  integrity sha512-5wjnpaT/3dV+XB4borEsnAYQchn00XSgTAWKDkEqv+K8KevjbzmofK6hfJ9TZIlpj2N0xQpazy7PiRQiWHqzWg==

create-react-class@15.6.3:
  version "15.6.3"
  resolved "https://registry.yarnpkg.com/create-react-class/-/create-react-class-15.6.3.tgz#2d73237fb3f970ae6ebe011a9e66f46dbca80036"
  integrity sha512-M+/3Q6E6DLO6Yx3OwrWjwHBnvfXXYA7W+dFjt/ZDBemHO1DDZhsalX/NUtnTYclN6GfnBDRh4qRHjcDHmlJBJg==
  dependencies:
    fbjs "^0.8.9"
    loose-envify "^1.3.1"
    object-assign "^4.1.1"

css-mediaquery@^0.1.2:
  version "0.1.2"
  resolved "https://registry.yarnpkg.com/css-mediaquery/-/css-mediaquery-0.1.2.tgz#6a2c37344928618631c54bd33cedd301da18bea0"
  integrity sha1-aiw3NEkoYYYxxUvTPO3TAdoYvqA=

csstype@^3.0.2:
  version "3.0.3"
  resolved "https://registry.yarnpkg.com/csstype/-/csstype-3.0.3.tgz#2b410bbeba38ba9633353aff34b05d9755d065f8"
  integrity sha512-jPl+wbWPOWJ7SXsWyqGRk3lGecbar0Cb0OvZF/r/ZU011R4YqiRehgkQ9p4eQfo9DSDLqLL3wHwfxeJiuIsNag==

custom-event@^1.0.1:
  version "1.0.1"
  resolved "https://registry.yarnpkg.com/custom-event/-/custom-event-1.0.1.tgz#5d02a46850adf1b4a317946a3928fccb5bfd0425"
  integrity sha1-XQKkaFCt8bSjF5RqOSj8y1v9BCU=

dom-helpers@^3.2.0:
  version "3.4.0"
  resolved "https://registry.yarnpkg.com/dom-helpers/-/dom-helpers-3.4.0.tgz#e9b369700f959f62ecde5a6babde4bccd9169af8"
  integrity sha512-LnuPJ+dwqKDIyotW1VzmOZ5TONUN7CwkCR5hrgawTUbkBGYdeoNLZo6nNfGkCrjtE1nXXaj7iMMpDa8/d9WoIA==
  dependencies:
    "@babel/runtime" "^7.1.2"

element-closest-polyfill@^1.0.0:
  version "1.0.2"
  resolved "https://registry.yarnpkg.com/element-closest-polyfill/-/element-closest-polyfill-1.0.2.tgz#272c217d60effe76a0509a911cde5fcdd78da5a6"
  integrity sha512-+3cNhtv8YIyk/oDSlBv+zqUjQFcF9puLp4TFIk2w0Gqd6IL2uZnnu0jvDdOaI7dsK1bIA9gG69KIvkEyUFVGRg==

encoding@^0.1.11:
  version "0.1.13"
  resolved "https://registry.yarnpkg.com/encoding/-/encoding-0.1.13.tgz#56574afdd791f54a8e9b2785c0582a2d26210fa9"
  integrity sha512-ETBauow1T35Y/WZMkio9jiM0Z5xjHHmJ4XmjZOq1l/dXz3lr2sRn87nJy20RupqSh1F2m3HHPSp8ShIPQJrJ3A==
  dependencies:
    iconv-lite "^0.6.2"

fbjs@^0.8.9:
  version "0.8.17"
  resolved "https://registry.yarnpkg.com/fbjs/-/fbjs-0.8.17.tgz#c4d598ead6949112653d6588b01a5cdcd9f90fdd"
  integrity sha1-xNWY6taUkRJlPWWIsBpc3Nn5D90=
  dependencies:
    core-js "^1.0.0"
    isomorphic-fetch "^2.1.1"
    loose-envify "^1.0.0"
    object-assign "^4.1.0"
    promise "^7.1.1"
    setimmediate "^1.0.5"
    ua-parser-js "^0.7.18"

fixed-data-table-2@^0.8.21:
  version "0.8.28"
  resolved "https://registry.yarnpkg.com/fixed-data-table-2/-/fixed-data-table-2-0.8.28.tgz#f60883b5af81b71f6ec8e0ebf6d07b1e3fc3f40a"
  integrity sha512-Y0aY6sck5yp2YXsmKGBisqSCRbzprRi1ui+T3V+uiY09BQMbE/EqWnbJad3U0fJucoHD8QMx7wETs44sL80/kw==
  dependencies:
    create-react-class "15.6.3"
    prop-types "15.7.2"

foundation-sites@^5.5.3:
  version "5.5.3"
  resolved "https://registry.yarnpkg.com/foundation-sites/-/foundation-sites-5.5.3.tgz#6556eb2b31cde3b226630116bd215d95d056c0a7"
  integrity sha1-ZVbrKzHN47ImYwEWvSFdldBWwKc=

hoist-non-react-statics@^3.3.0, hoist-non-react-statics@^3.3.2:
  version "3.3.2"
  resolved "https://registry.yarnpkg.com/hoist-non-react-statics/-/hoist-non-react-statics-3.3.2.tgz#ece0acaf71d62c2969c2ec59feff42a4b1a85b45"
  integrity sha512-/gGivxi8JPKWNm/W0jSmzcMPpfpPLc3dY/6GxhX2hQ9iGj3aDfklV4ET7NjKpSinLpJ5vafa9iiGIEZg10SfBw==
  dependencies:
    react-is "^16.7.0"

hyphenate-style-name@^1.0.0:
  version "1.0.4"
  resolved "https://registry.yarnpkg.com/hyphenate-style-name/-/hyphenate-style-name-1.0.4.tgz#691879af8e220aea5750e8827db4ef62a54e361d"
  integrity sha512-ygGZLjmXfPHj+ZWh6LwbC37l43MhfztxetbFCoYTM2VjkIUpeHgSNn7QIyVFj7YQ1Wl9Cbw5sholVJPzWvC2MQ==

iconv-lite@^0.6.2:
  version "0.6.2"
  resolved "https://registry.yarnpkg.com/iconv-lite/-/iconv-lite-0.6.2.tgz#ce13d1875b0c3a674bd6a04b7f76b01b1b6ded01"
  integrity sha512-2y91h5OpQlolefMPmUlivelittSWy0rP+oYVpn6A7GwVHNE8AWzoYOBNmlwks3LobaJxgHCYZAnyNo2GgpNRNQ==
  dependencies:
    safer-buffer ">= 2.1.2 < 3.0.0"

immutable@^3.8.1:
  version "3.8.2"
  resolved "https://registry.yarnpkg.com/immutable/-/immutable-3.8.2.tgz#c2439951455bb39913daf281376f1530e104adf3"
  integrity sha1-wkOZUUVbs5kT2vKBN28VMOEErfM=

intl-format-cache@^4.2.21:
  version "4.3.1"
  resolved "https://registry.yarnpkg.com/intl-format-cache/-/intl-format-cache-4.3.1.tgz#484d31a9872161e6c02139349b259a6229ade377"
  integrity sha512-OEUYNA7D06agqPOYhbTkl0T8HA3QKSuwWh1HiClEnpd9vw7N+3XsQt5iZ0GUEchp5CW1fQk/tary+NsbF3yQ1Q==

intl-messageformat-parser@^3.6.4:
  version "3.6.4"
  resolved "https://registry.yarnpkg.com/intl-messageformat-parser/-/intl-messageformat-parser-3.6.4.tgz#5199d106d816c3dda26ee0694362a9cf823978fb"
  integrity sha512-RgPGwue0mJtoX2Ax8EmMzJzttxjnva7gx0Q7mKJ4oALrTZvtmCeAw5Msz2PcjW4dtCh/h7vN/8GJCxZO1uv+OA==
  dependencies:
    "@formatjs/intl-unified-numberformat" "^3.2.0"

intl-messageformat@^7.8.4:
  version "7.8.4"
  resolved "https://registry.yarnpkg.com/intl-messageformat/-/intl-messageformat-7.8.4.tgz#c29146a06b9cd26662978a4d95fff2b133e3642f"
  integrity sha512-yS0cLESCKCYjseCOGXuV4pxJm/buTfyCJ1nzQjryHmSehlptbZbn9fnlk1I9peLopZGGbjj46yHHiTAEZ1qOTA==
  dependencies:
    intl-format-cache "^4.2.21"
    intl-messageformat-parser "^3.6.4"

invariant@^2.2.2:
  version "2.2.4"
  resolved "https://registry.yarnpkg.com/invariant/-/invariant-2.2.4.tgz#610f3c92c9359ce1db616e538008d23ff35158e6"
  integrity sha512-phJfQVBuaJM5raOpJjSfkiD6BpbCE4Ns//LaXl6wGYtUBY83nWS6Rf9tXm2e8VaK60JEjYldbPif/A2B1C2gNA==
  dependencies:
    loose-envify "^1.0.0"

is-stream@^1.0.1:
  version "1.1.0"
  resolved "https://registry.yarnpkg.com/is-stream/-/is-stream-1.1.0.tgz#12d4a3dd4e68e0b79ceb8dbc84173ae80d91ca44"
  integrity sha1-EtSj3U5o4Lec6428hBc66A2RykQ=

isomorphic-fetch@^2.1.1:
  version "2.2.1"
  resolved "https://registry.yarnpkg.com/isomorphic-fetch/-/isomorphic-fetch-2.2.1.tgz#611ae1acf14f5e81f729507472819fe9733558a9"
  integrity sha1-YRrhrPFPXoH3KVB0coGf6XM1WKk=
  dependencies:
    node-fetch "^1.0.1"
    whatwg-fetch ">=0.10.0"

js-cookie@^2.1.4:
  version "2.2.1"
  resolved "https://registry.yarnpkg.com/js-cookie/-/js-cookie-2.2.1.tgz#69e106dc5d5806894562902aa5baec3744e9b2b8"
  integrity sha512-HvdH2LzI/EAZcUwA8+0nKNtWHqS+ZmijLA30RwZA0bo7ToCckjK5MkGhjED9KoRcXO6BaGI3I9UIzSA1FKFPOQ==

"js-tokens@^3.0.0 || ^4.0.0":
  version "4.0.0"
  resolved "https://registry.yarnpkg.com/js-tokens/-/js-tokens-4.0.0.tgz#19203fb59991df98e3a287050d4647cdeaf32499"
  integrity sha512-RdJUflcE3cUzKiMqQgsCu06FPu9UdIJO0beYbPhHN4k6apgJtifcoCtT9bcxOpYBtpD2kCM6Sbzg4CausW/PKQ==

kefir@^3.7.1:
  version "3.8.7"
  resolved "https://registry.yarnpkg.com/kefir/-/kefir-3.8.7.tgz#8fa8ffa3620c6c3713838c33d92af4d976ccfce8"
  integrity sha512-F1uMGxGi4x88AuPbu0FBJnOMbYgL4op1pzpD3z4RtjUA6A17oQwum23GiEmNkwTLg8Upm+BODV+FJVaSVqBRIw==

lodash@^4.17.11, lodash@^4.17.15, lodash@^4.17.19:
  version "4.17.20"
  resolved "https://registry.yarnpkg.com/lodash/-/lodash-4.17.20.tgz#b44a9b6297bcb698f1c51a3545a2b3b368d59c52"
  integrity sha512-PlhdFcillOINfeV7Ni6oF1TAEayyZBoZ8bcshTHqOYJYlrqzRK5hagpagky5o4HfCzzd1TRkXPMFq6cKk9rGmA==

loose-envify@^1.0.0, loose-envify@^1.3.1, loose-envify@^1.4.0:
  version "1.4.0"
  resolved "https://registry.yarnpkg.com/loose-envify/-/loose-envify-1.4.0.tgz#71ee51fa7be4caec1a63839f7e682d8132d30caf"
  integrity sha512-lyuxPGr/Wfhrlem2CL/UcnUc1zcqKAImBDzukY7Y5F/yQiNdko6+fRLevlw1HgMySw7f611UIY408EtxRSoK3Q==
  dependencies:
    js-tokens "^3.0.0 || ^4.0.0"

matchmediaquery@^0.2.1:
  version "0.2.1"
  resolved "https://registry.yarnpkg.com/matchmediaquery/-/matchmediaquery-0.2.1.tgz#223c7005793de03e47ce92b13285a72c44ada2cf"
  integrity sha1-IjxwBXk94D5HzpKxMoWnLEStos8=
  dependencies:
    css-mediaquery "^0.1.2"

moment-timezone@^0.5.23:
  version "0.5.31"
  resolved "https://registry.yarnpkg.com/moment-timezone/-/moment-timezone-0.5.31.tgz#9c40d8c5026f0c7ab46eda3d63e49c155148de05"
  integrity sha512-+GgHNg8xRhMXfEbv81iDtrVeTcWt0kWmTEY1XQK14dICTXnWJnT0dxdlPspwqF3keKMVPXwayEsk1DI0AA/jdA==
  dependencies:
    moment ">= 2.9.0"

"moment@>= 2.9.0", moment@^2.23.0:
  version "2.29.1"
  resolved "https://registry.yarnpkg.com/moment/-/moment-2.29.1.tgz#b2be769fa31940be9eeea6469c075e35006fa3d3"
  integrity sha512-kHmoybcPV8Sqy59DwNDY3Jefr64lK/by/da0ViFcuA4DH0vQg5Q6Ze5VimxkfQNSC+Mls/Kx53s7TjP1RhFEDQ==

node-fetch@^1.0.1:
  version "1.7.3"
  resolved "https://registry.yarnpkg.com/node-fetch/-/node-fetch-1.7.3.tgz#980f6f72d85211a5347c6b2bc18c5b84c3eb47ef"
  integrity sha512-NhZ4CsKx7cYm2vSrBAr2PvFOe6sWDf0UYLRqA6svUYg7+/TSfVAu49jYC4BvQ4Sms9SZgdqGBgroqfDhJdTyKQ==
  dependencies:
    encoding "^0.1.11"
    is-stream "^1.0.1"

object-assign@^4.1.0, object-assign@^4.1.1:
  version "4.1.1"
  resolved "https://registry.yarnpkg.com/object-assign/-/object-assign-4.1.1.tgz#2109adc7965887cfc05cbbd442cac8bfbb360863"
  integrity sha1-IQmtx5ZYh8/AXLvUQsrIv7s2CGM=

promise@^7.1.1:
  version "7.3.1"
  resolved "https://registry.yarnpkg.com/promise/-/promise-7.3.1.tgz#064b72602b18f90f29192b8b1bc418ffd1ebd3bf"
  integrity sha512-nolQXZ/4L+bP/UGlkfaIujX9BKxGwmQ9OT4mOt5yvy8iK1h3wqTEJCijzGANTCCl9nWjY41juyAn2K3Q1hLLTg==
  dependencies:
    asap "~2.0.3"

prop-types@15.7.2, prop-types@^15.5.6, prop-types@^15.5.7, prop-types@^15.5.8, prop-types@^15.6.0, prop-types@^15.6.1:
  version "15.7.2"
  resolved "https://registry.yarnpkg.com/prop-types/-/prop-types-15.7.2.tgz#52c41e75b8c87e72b9d9360e0206b99dcbffa6c5"
  integrity sha512-8QQikdH7//R2vurIJSutZ1smHYTcLpRWEOlHnzcWHmBYrOGUysKwSsrC89BCiFj3CbrfJ/nXFdJepOVrY1GCHQ==
  dependencies:
    loose-envify "^1.4.0"
    object-assign "^4.1.1"
    react-is "^16.8.1"

querystringify@^2.1.0:
  version "2.2.0"
  resolved "https://registry.yarnpkg.com/querystringify/-/querystringify-2.2.0.tgz#3345941b4153cb9d082d8eee4cda2016a9aef7f6"
  integrity sha512-FIqgj2EUvTa7R50u0rGsyTftzjYmv/a3hO345bZNrqabNqjtgiDMgmo4mkUjd+nzU5oF3dClKqFIPUKybUyqoQ==

react-day-picker@7.1.10:
  version "7.1.10"
  resolved "https://registry.yarnpkg.com/react-day-picker/-/react-day-picker-7.1.10.tgz#c763b1acb141ce960e25654b7033c2207f0fc1c3"
  integrity sha512-UoI3ktYU8oN0UTxX5ZbG02TZePHh4znUGT6/h4g+tLNM1O4GGCiafqyFEIp22HYb1sCPQ4UMyw6QFcxu+lFDVQ==
  dependencies:
    prop-types "^15.6.1"

react-document-title@^2.0.3:
  version "2.0.3"
  resolved "https://registry.yarnpkg.com/react-document-title/-/react-document-title-2.0.3.tgz#bbf922a0d71412fc948245e4283b2412df70f2b9"
  integrity sha1-u/kioNcUEvyUgkXkKDskEt9w8rk=
  dependencies:
    prop-types "^15.5.6"
    react-side-effect "^1.0.2"

react-intl@^3.6.0:
  version "3.12.1"
  resolved "https://registry.yarnpkg.com/react-intl/-/react-intl-3.12.1.tgz#e9a783ea20302e9da25e4eda59e5593a43d2ec80"
  integrity sha512-cgumW29mwROIqyp8NXStYsoIm27+8FqnxykiLSawWjOxGIBeLuN/+p2srei5SRIumcJefOkOIHP+NDck05RgHg==
  dependencies:
    "@formatjs/intl-displaynames" "^1.2.0"
    "@formatjs/intl-listformat" "^1.4.1"
    "@formatjs/intl-relativetimeformat" "^4.5.9"
    "@formatjs/intl-unified-numberformat" "^3.2.0"
    "@formatjs/intl-utils" "^2.2.0"
    "@types/hoist-non-react-statics" "^3.3.1"
    "@types/invariant" "^2.2.31"
    hoist-non-react-statics "^3.3.2"
    intl-format-cache "^4.2.21"
    intl-messageformat "^7.8.4"
    intl-messageformat-parser "^3.6.4"
    shallow-equal "^1.2.1"

react-is@^16.7.0, react-is@^16.8.1:
  version "16.13.1"
  resolved "https://registry.yarnpkg.com/react-is/-/react-is-16.13.1.tgz#789729a4dc36de2999dc156dd6c1d9c18cea56a4"
  integrity sha512-24e6ynE2H+OKt4kqsOvNd8kBpV65zoxbA4BVsEOB3ARVWQki/DHzaUoC5KuON/BiccDaCCTZBuOcfZs70kR8bQ==

react-native-listener@^1.0.2:
  version "1.1.0"
  resolved "https://registry.yarnpkg.com/react-native-listener/-/react-native-listener-1.1.0.tgz#82ce3a3c4e57fdbfa4718f81cb4791b60ffb7b4d"
  integrity sha512-Uh7xhdOz0HUJG3FIVGLxlXSK0YnEQsDUK3U+OmZOiSI9S2pf8RykbK2mSauETQYSRUVk1NRaFUi0wNajCspowA==

react-portal@^4.1.5:
  version "4.2.1"
  resolved "https://registry.yarnpkg.com/react-portal/-/react-portal-4.2.1.tgz#12c1599238c06fb08a9800f3070bea2a3f78b1a6"
  integrity sha512-fE9kOBagwmTXZ3YGRYb4gcMy+kSA+yLO0xnPankjRlfBv4uCpFXqKPfkpsGQQR15wkZ9EssnvTOl1yMzbkxhPQ==
  dependencies:
    prop-types "^15.5.8"

react-responsive@^3.0.0:
  version "3.0.0"
  resolved "https://registry.yarnpkg.com/react-responsive/-/react-responsive-3.0.0.tgz#26e895dbdf748d4473c76cf46d29cb9d824e02ec"
  integrity sha512-1w42433p6EvW6w3/IvIwG52ZrjPyZcZCV8wxnHTq7ZD3RiKp3IrAT/zInrYUUc2ipJEoR+4GARhwJNaIh+LD6Q==
  dependencies:
    hyphenate-style-name "^1.0.0"
    matchmediaquery "^0.2.1"
    prop-types "^15.5.7"

react-side-effect@^1.0.2:
  version "1.2.0"
  resolved "https://registry.yarnpkg.com/react-side-effect/-/react-side-effect-1.2.0.tgz#0e940c78faba0c73b9b0eba9cd3dda8dfb7e7dae"
  integrity sha512-v1ht1aHg5k/thv56DRcjw+WtojuuDHFUgGfc+bFHOWsF4ZK6C2V57DO0Or0GPsg6+LSTE0M6Ry/gfzhzSwbc5w==
  dependencies:
    shallowequal "^1.0.1"

react-textarea-autosize@^7.0.4:
  version "7.1.2"
  resolved "https://registry.yarnpkg.com/react-textarea-autosize/-/react-textarea-autosize-7.1.2.tgz#70fdb333ef86bcca72717e25e623e90c336e2cda"
  integrity sha512-uH3ORCsCa3C6LHxExExhF4jHoXYCQwE5oECmrRsunlspaDAbS4mGKNlWZqjLfInWtFQcf0o1n1jC/NGXFdUBCg==
  dependencies:
    "@babel/runtime" "^7.1.2"
    prop-types "^15.6.0"

react-transition-group@^1.2.1:
  version "1.2.1"
  resolved "https://registry.yarnpkg.com/react-transition-group/-/react-transition-group-1.2.1.tgz#e11f72b257f921b213229a774df46612346c7ca6"
  integrity sha512-CWaL3laCmgAFdxdKbhhps+c0HRGF4c+hdM4H23+FI1QBNUyx/AMeIJGWorehPNSaKnQNOAxL7PQmqMu78CDj3Q==
  dependencies:
    chain-function "^1.0.0"
    dom-helpers "^3.2.0"
    loose-envify "^1.3.1"
    prop-types "^15.5.6"
    warning "^3.0.0"

regenerator-runtime@^0.13.4:
  version "0.13.7"
  resolved "https://registry.yarnpkg.com/regenerator-runtime/-/regenerator-runtime-0.13.7.tgz#cac2dacc8a1ea675feaabaeb8ae833898ae46f55"
  integrity sha512-a54FxoJDIr27pgf7IgeQGxmqUNYrcV338lf/6gH456HZ/PhX+5BcwHXG9ajESmwe6WRO0tAzRUrRmNONWgkrew==

rxjs@^5.5.6:
  version "5.5.12"
  resolved "https://registry.yarnpkg.com/rxjs/-/rxjs-5.5.12.tgz#6fa61b8a77c3d793dbaf270bee2f43f652d741cc"
  integrity sha512-xx2itnL5sBbqeeiVgNPVuQQ1nC8Jp2WfNJhXWHmElW9YmrpS9UVnNzhP3EH3HFqexO5Tlp8GhYY+WEcqcVMvGw==
  dependencies:
    symbol-observable "1.0.1"

"safer-buffer@>= 2.1.2 < 3.0.0":
  version "2.1.2"
  resolved "https://registry.yarnpkg.com/safer-buffer/-/safer-buffer-2.1.2.tgz#44fa161b0187b9549dd84bb91802f9bd8385cd6a"
  integrity sha512-YZo3K82SD7Riyi0E1EQPojLz7kpepnSQI9IyPbHHg1XXXevb5dJI7tpyN2ADxGcQbHG7vcyRHk0cbwqcQriUtg==

setimmediate@^1.0.5:
  version "1.0.5"
  resolved "https://registry.yarnpkg.com/setimmediate/-/setimmediate-1.0.5.tgz#290cbb232e306942d7d7ea9b83732ab7856f8285"
  integrity sha1-KQy7Iy4waULX1+qbg3Mqt4VvgoU=

shallow-equal@^1.2.1:
  version "1.2.1"
  resolved "https://registry.yarnpkg.com/shallow-equal/-/shallow-equal-1.2.1.tgz#4c16abfa56043aa20d050324efa68940b0da79da"
  integrity sha512-S4vJDjHHMBaiZuT9NPb616CSmLf618jawtv3sufLl6ivK8WocjAo58cXwbRV1cgqxH0Qbv+iUt6m05eqEa2IRA==

shallowequal@^1.0.1:
  version "1.1.0"
  resolved "https://registry.yarnpkg.com/shallowequal/-/shallowequal-1.1.0.tgz#188d521de95b9087404fd4dcb68b13df0ae4e7f8"
  integrity sha512-y0m1JoUZSlPAjXVtPPW70aZWfIL/dSP7AFkRnniLCrK/8MDKog3TySTBmckD+RObVxH0v4Tox67+F14PdED2oQ==

symbol-observable@1.0.1:
  version "1.0.1"
  resolved "https://registry.yarnpkg.com/symbol-observable/-/symbol-observable-1.0.1.tgz#8340fc4702c3122df5d22288f88283f513d3fdd4"
  integrity sha1-g0D8RwLDEi310iKI+IKD9RPT/dQ=

tinycolor2@^1.4.1:
  version "1.4.2"
  resolved "https://registry.yarnpkg.com/tinycolor2/-/tinycolor2-1.4.2.tgz#3f6a4d1071ad07676d7fa472e1fac40a719d8803"
  integrity sha512-vJhccZPs965sV/L2sU4oRQVAos0pQXwsvTLkWYdqJ+a8Q5kPFzJTuOFwy7UniPli44NKQGAglksjvOcpo95aZA==

ua-parser-js@^0.7.18:
  version "0.7.22"
  resolved "https://registry.yarnpkg.com/ua-parser-js/-/ua-parser-js-0.7.22.tgz#960df60a5f911ea8f1c818f3747b99c6e177eae3"
  integrity sha512-YUxzMjJ5T71w6a8WWVcMGM6YWOTX27rCoIQgLXiWaxqXSx9D7DNjiGWn1aJIRSQ5qr0xuhra77bSIh6voR/46Q==

warning@^3.0.0:
  version "3.0.0"
  resolved "https://registry.yarnpkg.com/warning/-/warning-3.0.0.tgz#32e5377cb572de4ab04753bdf8821c01ed605b7c"
  integrity sha1-MuU3fLVy3kqwR1O9+IIcAe1gW3w=
  dependencies:
    loose-envify "^1.0.0"

whatwg-fetch@>=0.10.0:
  version "3.4.1"
  resolved "https://registry.yarnpkg.com/whatwg-fetch/-/whatwg-fetch-3.4.1.tgz#e5f871572d6879663fa5674c8f833f15a8425ab3"
  integrity sha512-sofZVzE1wKwO+EYPbWfiwzaKovWiZXf4coEzjGP9b2GBVgQRLQUZ2QcuPpQExGDAW5GItpEm6Tl4OU5mywnAoQ==
