github.com/FortAwesome/Font-Awesome v0.0.0-20230327165841-0698449d50f2 h1:Uv1z5EqCfmiK4IHUwT0m3h/u/WCk+kpRfxvAZhpC7Gc=
github.com/FortAwesome/Font-Awesome v0.0.0-20230327165841-0698449d50f2/go.mod h1:IUgezN/MFpCDIlFezw3L8j83oeiIuYoj28Miwr/KUYo=
github.com/gooddata/gooddata-docs-theme v0.0.0-20230712140808-f94e41cff7ad h1:W+e8bFtlb0y9wOJ/a8JmgcfCue8iKwtYmW6WlAgUXVA=
github.com/gooddata/gooddata-docs-theme v0.0.0-20230712140808-f94e41cff7ad/go.mod h1:HNpQXBayQI9lMsJbfXao4UxVNu8q5cTuYvUMCKt4i30=
github.com/gooddata/gooddata-docs-theme v0.0.0-20230724083234-adff4e57deba h1:POnAG19BgttVQ6gvGtvCumTgJcS3Q+EAE/q5KLH03yg=
github.com/gooddata/gooddata-docs-theme v0.0.0-20230724083234-adff4e57deba/go.mod h1:HNpQXBayQI9lMsJbfXao4UxVNu8q5cTuYvUMCKt4i30=
github.com/gooddata/gooddata-docs-theme v0.0.0-20230726124044-9bb5d5fc63ba h1:TsdZUk7URvPjzqymZ+hRH0s29h7tAUUKeI3snJGy7KQ=
github.com/gooddata/gooddata-docs-theme v0.0.0-20230726124044-9bb5d5fc63ba/go.mod h1:HNpQXBayQI9lMsJbfXao4UxVNu8q5cTuYvUMCKt4i30=
github.com/google/docsy v0.7.1 h1:DUriA7Nr3lJjNi9Ulev1SfiG1sUYmvyDeU4nTp7uDxY=
github.com/google/docsy v0.7.1/go.mod h1:JCmE+c+izhE0Rvzv3y+AzHhz1KdwlA9Oj5YBMklJcfc=
github.com/google/docsy/dependencies v0.7.1 h1:NbzYKJYMin2q50xdWSUzR2c9gCp7zR/XHDBcxklEcTQ=
github.com/google/docsy/dependencies v0.7.1/go.mod h1:gihhs5gmgeO+wuoay4FwOzob+jYJVyQbNaQOh788lD4=
github.com/twbs/bootstrap v5.2.3+incompatible/go.mod h1:fZTSrkpSf0/HkL0IIJzvVspTt1r9zuf7XlZau8kpcY0=
github.com/twbs/bootstrap v5.3.0+incompatible h1:4+staADO0OrqUv77m+XL+vHYojLH9oxb4Vxi9mnIJWg=
github.com/twbs/bootstrap v5.3.0+incompatible/go.mod h1:fZTSrkpSf0/HkL0IIJzvVspTt1r9zuf7XlZau8kpcY0=
