github.com/gooddata/gooddata-docs-theme v0.0.0-20231026115610-865757c9da13 h1:s6+8+l46mnvOU0SW3LD8thIBTNpv8xMhXxdJyIk+zbk=
github.com/gooddata/gooddata-docs-theme v0.0.0-20231026115610-865757c9da13/go.mod h1:VVNP6Cmo+vC37RD3T/YHjyU/QdqftGY5z4G513LYyrA=
github.com/gooddata/gooddata-docs-theme v0.0.0-20231108114123-c9a40ae4f92a h1:o7IiFfQRujgAMMJVLmsftKBbEInSJhdokqXO/OTvPOs=
github.com/gooddata/gooddata-docs-theme v0.0.0-20231108114123-c9a40ae4f92a/go.mod h1:VVNP6Cmo+vC37RD3T/YHjyU/QdqftGY5z4G513LYyrA=
github.com/gooddata/gooddata-docs-theme v0.0.0-20231219150347-8d8030a5822b h1:a9DjtK0uc3EbaSMo8E7VMgZftfG6O6mAtOtdovhKYik=
github.com/gooddata/gooddata-docs-theme v0.0.0-20231219150347-8d8030a5822b/go.mod h1:VVNP6Cmo+vC37RD3T/YHjyU/QdqftGY5z4G513LYyrA=
github.com/gooddata/gooddata-docs-theme v0.0.0-20240424130537-0544713a5cd2 h1:tHGj2dUeXBCVwlmn1co/YAfUw3RwQ8g6xRubVwNis6o=
github.com/gooddata/gooddata-docs-theme v0.0.0-20240424130537-0544713a5cd2/go.mod h1:VVNP6Cmo+vC37RD3T/YHjyU/QdqftGY5z4G513LYyrA=
github.com/gooddata/gooddata-docs-theme v0.0.0-20250129122538-80db631526db h1:/Ycu/2dQ7AkqggbBcYi2qSJZUHItbIoz0e63P4oYQjo=
github.com/gooddata/gooddata-docs-theme v0.0.0-20250129122538-80db631526db/go.mod h1:VVNP6Cmo+vC37RD3T/YHjyU/QdqftGY5z4G513LYyrA=
github.com/gooddata/gooddata-docs-theme v0.0.0-20250218135411-9b695c2f96fb h1:BwV4BkG0UTF15qMO3q4X+qhtReGTnGkFqe8KMnwcDAs=
github.com/gooddata/gooddata-docs-theme v0.0.0-20250218135411-9b695c2f96fb/go.mod h1:VVNP6Cmo+vC37RD3T/YHjyU/QdqftGY5z4G513LYyrA=
github.com/gooddata/gooddata-docs-theme v0.0.0-20250729102440-7a7e8c25d60b h1:Tsi2R9UmdkJpEhdBPN870ybDU06RfEN2Hbq4+BiOzMA=
github.com/gooddata/gooddata-docs-theme v0.0.0-20250729102440-7a7e8c25d60b/go.mod h1:VVNP6Cmo+vC37RD3T/YHjyU/QdqftGY5z4G513LYyrA=
github.com/gooddata/gooddata-docs-theme v0.0.0-20250813103715-562a4a4e4a75 h1:swX9dIehu8bj/pIHF11NjBsiS/nEBl4vqmu8b+G530c=
github.com/gooddata/gooddata-docs-theme v0.0.0-20250813103715-562a4a4e4a75/go.mod h1:VVNP6Cmo+vC37RD3T/YHjyU/QdqftGY5z4G513LYyrA=
github.com/gooddata/gooddata-docs-theme v0.0.0-20250814105944-65486e0f9cfb h1:acb17FkbyBJjZ4e/DvIf5xJ2S/XkpF+fQqa9lNP+8LM=
github.com/gooddata/gooddata-docs-theme v0.0.0-20250814105944-65486e0f9cfb/go.mod h1:VVNP6Cmo+vC37RD3T/YHjyU/QdqftGY5z4G513LYyrA=
github.com/gooddata/gooddata-docs-theme v0.0.0-20250821103203-74c7725a1374 h1:pdQfwqjy/PW2CBh0HlMtgnsSuNHNLP+SyWlACDhSBnU=
github.com/gooddata/gooddata-docs-theme v0.0.0-20250821103203-74c7725a1374/go.mod h1:VVNP6Cmo+vC37RD3T/YHjyU/QdqftGY5z4G513LYyrA=
github.com/gooddata/gooddata-docs-theme v0.0.0-20250923082246-5b1d8dd060b7 h1:Nngc10J9JAV904CUGjOyua3im6fB4biWZ34weMfSzd0=
github.com/gooddata/gooddata-docs-theme v0.0.0-20250923082246-5b1d8dd060b7/go.mod h1:VVNP6Cmo+vC37RD3T/YHjyU/QdqftGY5z4G513LYyrA=
github.com/gooddata/gooddata-docs-theme v0.0.0-20250923125026-872d754a05c7 h1:nvF4wBIH2xXN3sp46x//06Z/1kjj4PhippnYYpvOgp8=
github.com/gooddata/gooddata-docs-theme v0.0.0-20250923125026-872d754a05c7/go.mod h1:VVNP6Cmo+vC37RD3T/YHjyU/QdqftGY5z4G513LYyrA=
github.com/gooddata/gooddata-docs-theme v0.0.0-20250924092250-449ef78afca9 h1:RmQs22XW4f4rxSdOgVBKVP8t08+UoIeShLQtP8+y3yE=
github.com/gooddata/gooddata-docs-theme v0.0.0-20250924092250-449ef78afca9/go.mod h1:VVNP6Cmo+vC37RD3T/YHjyU/QdqftGY5z4G513LYyrA=
github.com/gooddata/gooddata-docs-theme v0.0.0-20251103110911-19e503a55290 h1:po5Ui9+Ne0RlbE8clrKYGXdtmSaA+tPMv7gU0j5bztw=
github.com/gooddata/gooddata-docs-theme v0.0.0-20251103110911-19e503a55290/go.mod h1:VVNP6Cmo+vC37RD3T/YHjyU/QdqftGY5z4G513LYyrA=
github.com/gooddata/gooddata-docs-theme v0.0.0-20251111131802-3f566c293eaa h1:+k15ub8UegDMUh+KPps2A3W8YGulzAQcIHdc+hoB7/c=
github.com/gooddata/gooddata-docs-theme v0.0.0-20251111131802-3f566c293eaa/go.mod h1:VVNP6Cmo+vC37RD3T/YHjyU/QdqftGY5z4G513LYyrA=
